// !$*UTF8*$!
{
	archiveVersion = 1;
	classes = {
	};
	objectVersion = 46;
	objects = {

/* Begin PBXBuildFile section */
		3EAB51E91D365D3800408B82 /* Main.storyboard in Resources */ = {isa = PBXBuildFile; fileRef = 3EAB51E71D365D3700408B82 /* Main.storyboard */; };
		3EAB51EB1D365D3800408B82 /* Assets.xcassets in Resources */ = {isa = PBXBuildFile; fileRef = 3EAB51EA1D365D3800408B82 /* Assets.xcassets */; };
		3EAB51EE1D365D3800408B82 /* LaunchScreen.storyboard in Resources */ = {isa = PBXBuildFile; fileRef = 3EAB51EC1D365D3800408B82 /* LaunchScreen.storyboard */; };
		3EAB51F91D365D3800408B82 /* MacroTests.m in Sources */ = {isa = PBXBuildFile; fileRef = 3EAB51F81D365D3800408B82 /* MacroTests.m */; };
		3EAB52041D365D3800408B82 /* MacroUITests.m in Sources */ = {isa = PBXBuildFile; fileRef = 3EAB52031D365D3800408B82 /* MacroUITests.m */; };
/* End PBXBuildFile section */

/* Begin PBXContainerItemProxy section */
		3EAB51F51D365D3800408B82 /* PBXContainerItemProxy */ = {
			isa = PBXContainerItemProxy;
			containerPortal = 3EAB51D31D365D3700408B82 /* Project object */;
			proxyType = 1;
			remoteGlobalIDString = 3EAB51DA1D365D3700408B82;
			remoteInfo = Macro;
		};
		3EAB52001D365D3800408B82 /* PBXContainerItemProxy */ = {
			isa = PBXContainerItemProxy;
			containerPortal = 3EAB51D31D365D3700408B82 /* Project object */;
			proxyType = 1;
			remoteGlobalIDString = 3EAB51DA1D365D3700408B82;
			remoteInfo = Macro;
		};
/* End PBXContainerItemProxy section */

/* Begin PBXFileReference section */
		3EAB51DB1D365D3700408B82 /* Macro.app */ = {isa = PBXFileReference; explicitFileType = wrapper.application; includeInIndex = 0; path = Macro.app; sourceTree = BUILT_PRODUCTS_DIR; };
		3EAB51E81D365D3700408B82 /* Base */ = {isa = PBXFileReference; lastKnownFileType = file.storyboard; name = Base; path = Base.lproj/Main.storyboard; sourceTree = "<group>"; };
		3EAB51EA1D365D3800408B82 /* Assets.xcassets */ = {isa = PBXFileReference; lastKnownFileType = folder.assetcatalog; path = Assets.xcassets; sourceTree = "<group>"; };
		3EAB51ED1D365D3800408B82 /* Base */ = {isa = PBXFileReference; lastKnownFileType = file.storyboard; name = Base; path = Base.lproj/LaunchScreen.storyboard; sourceTree = "<group>"; };
		3EAB51EF1D365D3800408B82 /* Info.plist */ = {isa = PBXFileReference; lastKnownFileType = text.plist.xml; path = Info.plist; sourceTree = "<group>"; };
		3EAB51F41D365D3800408B82 /* MacroTests.xctest */ = {isa = PBXFileReference; explicitFileType = wrapper.cfbundle; includeInIndex = 0; path = MacroTests.xctest; sourceTree = BUILT_PRODUCTS_DIR; };
		3EAB51F81D365D3800408B82 /* MacroTests.m */ = {isa = PBXFileReference; lastKnownFileType = sourcecode.c.objc; path = MacroTests.m; sourceTree = "<group>"; };
		3EAB51FA1D365D3800408B82 /* Info.plist */ = {isa = PBXFileReference; lastKnownFileType = text.plist.xml; path = Info.plist; sourceTree = "<group>"; };
		3EAB51FF1D365D3800408B82 /* MacroUITests.xctest */ = {isa = PBXFileReference; explicitFileType = wrapper.cfbundle; includeInIndex = 0; path = MacroUITests.xctest; sourceTree = BUILT_PRODUCTS_DIR; };
		3EAB52031D365D3800408B82 /* MacroUITests.m */ = {isa = PBXFileReference; lastKnownFileType = sourcecode.c.objc; path = MacroUITests.m; sourceTree = "<group>"; };
		3EAB52051D365D3800408B82 /* Info.plist */ = {isa = PBXFileReference; lastKnownFileType = text.plist.xml; path = Info.plist; sourceTree = "<group>"; };
		3EAB52111D365D5C00408B82 /* WQmacro.h */ = {isa = PBXFileReference; lastKnownFileType = sourcecode.c.h; path = WQmacro.h; sourceTree = "<group>"; };
/* End PBXFileReference section */

/* Begin PBXFrameworksBuildPhase section */
		3EAB51D81D365D3700408B82 /* Frameworks */ = {
			isa = PBXFrameworksBuildPhase;
			buildActionMask = 2147483647;
			files = (
			);
			runOnlyForDeploymentPostprocessing = 0;
		};
		3EAB51F11D365D3800408B82 /* Frameworks */ = {
			isa = PBXFrameworksBuildPhase;
			buildActionMask = 2147483647;
			files = (
			);
			runOnlyForDeploymentPostprocessing = 0;
		};
		3EAB51FC1D365D3800408B82 /* Frameworks */ = {
			isa = PBXFrameworksBuildPhase;
			buildActionMask = 2147483647;
			files = (
			);
			runOnlyForDeploymentPostprocessing = 0;
		};
/* End PBXFrameworksBuildPhase section */

/* Begin PBXGroup section */
		3EAB51D21D365D3700408B82 = {
			isa = PBXGroup;
			children = (
				3EAB51DD1D365D3700408B82 /* Macro */,
				3EAB51F71D365D3800408B82 /* MacroTests */,
				3EAB52021D365D3800408B82 /* MacroUITests */,
				3EAB51DC1D365D3700408B82 /* Products */,
			);
			sourceTree = "<group>";
		};
		3EAB51DC1D365D3700408B82 /* Products */ = {
			isa = PBXGroup;
			children = (
				3EAB51DB1D365D3700408B82 /* Macro.app */,
				3EAB51F41D365D3800408B82 /* MacroTests.xctest */,
				3EAB51FF1D365D3800408B82 /* MacroUITests.xctest */,
			);
			name = Products;
			sourceTree = "<group>";
		};
		3EAB51DD1D365D3700408B82 /* Macro */ = {
			isa = PBXGroup;
			children = (
				3EAB52111D365D5C00408B82 /* WQmacro.h */,
				3EAB51E71D365D3700408B82 /* Main.storyboard */,
				3EAB51EA1D365D3800408B82 /* Assets.xcassets */,
				3EAB51EC1D365D3800408B82 /* LaunchScreen.storyboard */,
				3EAB51EF1D365D3800408B82 /* Info.plist */,
				3EAB51DE1D365D3700408B82 /* Supporting Files */,
			);
			path = Macro;
			sourceTree = "<group>";
		};
		3EAB51DE1D365D3700408B82 /* Supporting Files */ = {
			isa = PBXGroup;
			children = (
			);
			name = "Supporting Files";
			sourceTree = "<group>";
		};
		3EAB51F71D365D3800408B82 /* MacroTests */ = {
			isa = PBXGroup;
			children = (
				3EAB51F81D365D3800408B82 /* MacroTests.m */,
				3EAB51FA1D365D3800408B82 /* Info.plist */,
			);
			path = MacroTests;
			sourceTree = "<group>";
		};
		3EAB52021D365D3800408B82 /* MacroUITests */ = {
			isa = PBXGroup;
			children = (
				3EAB52031D365D3800408B82 /* MacroUITests.m */,
				3EAB52051D365D3800408B82 /* Info.plist */,
			);
			path = MacroUITests;
			sourceTree = "<group>";
		};
/* End PBXGroup section */

/* Begin PBXNativeTarget section */
		3EAB51DA1D365D3700408B82 /* Macro */ = {
			isa = PBXNativeTarget;
			buildConfigurationList = 3EAB52081D365D3800408B82 /* Build configuration list for PBXNativeTarget "Macro" */;
			buildPhases = (
				3EAB51D71D365D3700408B82 /* Sources */,
				3EAB51D81D365D3700408B82 /* Frameworks */,
				3EAB51D91D365D3700408B82 /* Resources */,
			);
			buildRules = (
			);
			dependencies = (
			);
			name = Macro;
			productName = Macro;
			productReference = 3EAB51DB1D365D3700408B82 /* Macro.app */;
			productType = "com.apple.product-type.application";
		};
		3EAB51F31D365D3800408B82 /* MacroTests */ = {
			isa = PBXNativeTarget;
			buildConfigurationList = 3EAB520B1D365D3800408B82 /* Build configuration list for PBXNativeTarget "MacroTests" */;
			buildPhases = (
				3EAB51F01D365D3800408B82 /* Sources */,
				3EAB51F11D365D3800408B82 /* Frameworks */,
				3EAB51F21D365D3800408B82 /* Resources */,
			);
			buildRules = (
			);
			dependencies = (
				3EAB51F61D365D3800408B82 /* PBXTargetDependency */,
			);
			name = MacroTests;
			productName = MacroTests;
			productReference = 3EAB51F41D365D3800408B82 /* MacroTests.xctest */;
			productType = "com.apple.product-type.bundle.unit-test";
		};
		3EAB51FE1D365D3800408B82 /* MacroUITests */ = {
			isa = PBXNativeTarget;
			buildConfigurationList = 3EAB520E1D365D3800408B82 /* Build configuration list for PBXNativeTarget "MacroUITests" */;
			buildPhases = (
				3EAB51FB1D365D3800408B82 /* Sources */,
				3EAB51FC1D365D3800408B82 /* Frameworks */,
				3EAB51FD1D365D3800408B82 /* Resources */,
			);
			buildRules = (
			);
			dependencies = (
				3EAB52011D365D3800408B82 /* PBXTargetDependency */,
			);
			name = MacroUITests;
			productName = MacroUITests;
			productReference = 3EAB51FF1D365D3800408B82 /* MacroUITests.xctest */;
			productType = "com.apple.product-type.bundle.ui-testing";
		};
/* End PBXNativeTarget section */

/* Begin PBXProject section */
		3EAB51D31D365D3700408B82 /* Project object */ = {
			isa = PBXProject;
			attributes = {
				LastUpgradeCheck = 0730;
				ORGANIZATIONNAME = com.drcacom.com;
				TargetAttributes = {
					3EAB51DA1D365D3700408B82 = {
						CreatedOnToolsVersion = 7.3;
					};
					3EAB51F31D365D3800408B82 = {
						CreatedOnToolsVersion = 7.3;
						TestTargetID = 3EAB51DA1D365D3700408B82;
					};
					3EAB51FE1D365D3800408B82 = {
						CreatedOnToolsVersion = 7.3;
						TestTargetID = 3EAB51DA1D365D3700408B82;
					};
				};
			};
			buildConfigurationList = 3EAB51D61D365D3700408B82 /* Build configuration list for PBXProject "Macro" */;
			compatibilityVersion = "Xcode 3.2";
			developmentRegion = English;
			hasScannedForEncodings = 0;
			knownRegions = (
				en,
				Base,
			);
			mainGroup = 3EAB51D21D365D3700408B82;
			productRefGroup = 3EAB51DC1D365D3700408B82 /* Products */;
			projectDirPath = "";
			projectRoot = "";
			targets = (
				3EAB51DA1D365D3700408B82 /* Macro */,
				3EAB51F31D365D3800408B82 /* MacroTests */,
				3EAB51FE1D365D3800408B82 /* MacroUITests */,
			);
		};
/* End PBXProject section */

/* Begin PBXResourcesBuildPhase section */
		3EAB51D91D365D3700408B82 /* Resources */ = {
			isa = PBXResourcesBuildPhase;
			buildActionMask = 2147483647;
			files = (
				3EAB51EE1D365D3800408B82 /* LaunchScreen.storyboard in Resources */,
				3EAB51EB1D365D3800408B82 /* Assets.xcassets in Resources */,
				3EAB51E91D365D3800408B82 /* Main.storyboard in Resources */,
			);
			runOnlyForDeploymentPostprocessing = 0;
		};
		3EAB51F21D365D3800408B82 /* Resources */ = {
			isa = PBXResourcesBuildPhase;
			buildActionMask = 2147483647;
			files = (
			);
			runOnlyForDeploymentPostprocessing = 0;
		};
		3EAB51FD1D365D3800408B82 /* Resources */ = {
			isa = PBXResourcesBuildPhase;
			buildActionMask = 2147483647;
			files = (
			);
			runOnlyForDeploymentPostprocessing = 0;
		};
/* End PBXResourcesBuildPhase section */

/* Begin PBXSourcesBuildPhase section */
		3EAB51D71D365D3700408B82 /* Sources */ = {
			isa = PBXSourcesBuildPhase;
			buildActionMask = 2147483647;
			files = (
			);
			runOnlyForDeploymentPostprocessing = 0;
		};
		3EAB51F01D365D3800408B82 /* Sources */ = {
			isa = PBXSourcesBuildPhase;
			buildActionMask = 2147483647;
			files = (
				3EAB51F91D365D3800408B82 /* MacroTests.m in Sources */,
			);
			runOnlyForDeploymentPostprocessing = 0;
		};
		3EAB51FB1D365D3800408B82 /* Sources */ = {
			isa = PBXSourcesBuildPhase;
			buildActionMask = 2147483647;
			files = (
				3EAB52041D365D3800408B82 /* MacroUITests.m in Sources */,
			);
			runOnlyForDeploymentPostprocessing = 0;
		};
/* End PBXSourcesBuildPhase section */

/* Begin PBXTargetDependency section */
		3EAB51F61D365D3800408B82 /* PBXTargetDependency */ = {
			isa = PBXTargetDependency;
			target = 3EAB51DA1D365D3700408B82 /* Macro */;
			targetProxy = 3EAB51F51D365D3800408B82 /* PBXContainerItemProxy */;
		};
		3EAB52011D365D3800408B82 /* PBXTargetDependency */ = {
			isa = PBXTargetDependency;
			target = 3EAB51DA1D365D3700408B82 /* Macro */;
			targetProxy = 3EAB52001D365D3800408B82 /* PBXContainerItemProxy */;
		};
/* End PBXTargetDependency section */

/* Begin PBXVariantGroup section */
		3EAB51E71D365D3700408B82 /* Main.storyboard */ = {
			isa = PBXVariantGroup;
			children = (
				3EAB51E81D365D3700408B82 /* Base */,
			);
			name = Main.storyboard;
			sourceTree = "<group>";
		};
		3EAB51EC1D365D3800408B82 /* LaunchScreen.storyboard */ = {
			isa = PBXVariantGroup;
			children = (
				3EAB51ED1D365D3800408B82 /* Base */,
			);
			name = LaunchScreen.storyboard;
			sourceTree = "<group>";
		};
/* End PBXVariantGroup section */

/* Begin XCBuildConfiguration section */
		3EAB52061D365D3800408B82 /* Debug */ = {
			isa = XCBuildConfiguration;
			buildSettings = {
				ALWAYS_SEARCH_USER_PATHS = NO;
				CLANG_ANALYZER_NONNULL = YES;
				CLANG_CXX_LANGUAGE_STANDARD = "gnu++0x";
				CLANG_CXX_LIBRARY = "libc++";
				CLANG_ENABLE_MODULES = YES;
				CLANG_ENABLE_OBJC_ARC = YES;
				CLANG_WARN_BOOL_CONVERSION = YES;
				CLANG_WARN_CONSTANT_CONVERSION = YES;
				CLANG_WARN_DIRECT_OBJC_ISA_USAGE = YES_ERROR;
				CLANG_WARN_EMPTY_BODY = YES;
				CLANG_WARN_ENUM_CONVERSION = YES;
				CLANG_WARN_INT_CONVERSION = YES;
				CLANG_WARN_OBJC_ROOT_CLASS = YES_ERROR;
				CLANG_WARN_UNREACHABLE_CODE = YES;
				CLANG_WARN__DUPLICATE_METHOD_MATCH = YES;
				"CODE_SIGN_IDENTITY[sdk=iphoneos*]" = "iPhone Developer";
				COPY_PHASE_STRIP = NO;
				DEBUG_INFORMATION_FORMAT = dwarf;
				ENABLE_STRICT_OBJC_MSGSEND = YES;
				ENABLE_TESTABILITY = YES;
				GCC_C_LANGUAGE_STANDARD = gnu99;
				GCC_DYNAMIC_NO_PIC = NO;
				GCC_NO_COMMON_BLOCKS = YES;
				GCC_OPTIMIZATION_LEVEL = 0;
				GCC_PREPROCESSOR_DEFINITIONS = (
					"DEBUG=1",
					"$(inherited)",
				);
				GCC_WARN_64_TO_32_BIT_CONVERSION = YES;
				GCC_WARN_ABOUT_RETURN_TYPE = YES_ERROR;
				GCC_WARN_UNDECLARED_SELECTOR = YES;
				GCC_WARN_UNINITIALIZED_AUTOS = YES_AGGRESSIVE;
				GCC_WARN_UNUSED_FUNCTION = YES;
				GCC_WARN_UNUSED_VARIABLE = YES;
				IPHONEOS_DEPLOYMENT_TARGET = 9.3;
				MTL_ENABLE_DEBUG_INFO = YES;
				ONLY_ACTIVE_ARCH = YES;
				SDKROOT = iphoneos;
				TARGETED_DEVICE_FAMILY = "1,2";
			};
			name = Debug;
		};
		3EAB52071D365D3800408B82 /* Release */ = {
			isa = XCBuildConfiguration;
			buildSettings = {
				ALWAYS_SEARCH_USER_PATHS = NO;
				CLANG_ANALYZER_NONNULL = YES;
				CLANG_CXX_LANGUAGE_STANDARD = "gnu++0x";
				CLANG_CXX_LIBRARY = "libc++";
				CLANG_ENABLE_MODULES = YES;
				CLANG_ENABLE_OBJC_ARC = YES;
				CLANG_WARN_BOOL_CONVERSION = YES;
				CLANG_WARN_CONSTANT_CONVERSION = YES;
				CLANG_WARN_DIRECT_OBJC_ISA_USAGE = YES_ERROR;
				CLANG_WARN_EMPTY_BODY = YES;
				CLANG_WARN_ENUM_CONVERSION = YES;
				CLANG_WARN_INT_CONVERSION = YES;
				CLANG_WARN_OBJC_ROOT_CLASS = YES_ERROR;
				CLANG_WARN_UNREACHABLE_CODE = YES;
				CLANG_WARN__DUPLICATE_METHOD_MATCH = YES;
				"CODE_SIGN_IDENTITY[sdk=iphoneos*]" = "iPhone Developer";
				COPY_PHASE_STRIP = NO;
				DEBUG_INFORMATION_FORMAT = "dwarf-with-dsym";
				ENABLE_NS_ASSERTIONS = NO;
				ENABLE_STRICT_OBJC_MSGSEND = YES;
				GCC_C_LANGUAGE_STANDARD = gnu99;
				GCC_NO_COMMON_BLOCKS = YES;
				GCC_WARN_64_TO_32_BIT_CONVERSION = YES;
				GCC_WARN_ABOUT_RETURN_TYPE = YES_ERROR;
				GCC_WARN_UNDECLARED_SELECTOR = YES;
				GCC_WARN_UNINITIALIZED_AUTOS = YES_AGGRESSIVE;
				GCC_WARN_UNUSED_FUNCTION = YES;
				GCC_WARN_UNUSED_VARIABLE = YES;
				IPHONEOS_DEPLOYMENT_TARGET = 9.3;
				MTL_ENABLE_DEBUG_INFO = NO;
				SDKROOT = iphoneos;
				TARGETED_DEVICE_FAMILY = "1,2";
				VALIDATE_PRODUCT = YES;
			};
			name = Release;
		};
		3EAB52091D365D3800408B82 /* Debug */ = {
			isa = XCBuildConfiguration;
			buildSettings = {
				ASSETCATALOG_COMPILER_APPICON_NAME = AppIcon;
				INFOPLIST_FILE = Macro/Info.plist;
				LD_RUNPATH_SEARCH_PATHS = "$(inherited) @executable_path/Frameworks";
				PRODUCT_BUNDLE_IDENTIFIER = com.drcacom.com.Macro;
				PRODUCT_NAME = "$(TARGET_NAME)";
			};
			name = Debug;
		};
		3EAB520A1D365D3800408B82 /* Release */ = {
			isa = XCBuildConfiguration;
			buildSettings = {
				ASSETCATALOG_COMPILER_APPICON_NAME = AppIcon;
				INFOPLIST_FILE = Macro/Info.plist;
				LD_RUNPATH_SEARCH_PATHS = "$(inherited) @executable_path/Frameworks";
				PRODUCT_BUNDLE_IDENTIFIER = com.drcacom.com.Macro;
				PRODUCT_NAME = "$(TARGET_NAME)";
			};
			name = Release;
		};
		3EAB520C1D365D3800408B82 /* Debug */ = {
			isa = XCBuildConfiguration;
			buildSettings = {
				BUNDLE_LOADER = "$(TEST_HOST)";
				INFOPLIST_FILE = MacroTests/Info.plist;
				LD_RUNPATH_SEARCH_PATHS = "$(inherited) @executable_path/Frameworks @loader_path/Frameworks";
				PRODUCT_BUNDLE_IDENTIFIER = com.drcacom.com.MacroTests;
				PRODUCT_NAME = "$(TARGET_NAME)";
				TEST_HOST = "$(BUILT_PRODUCTS_DIR)/Macro.app/Macro";
			};
			name = Debug;
		};
		3EAB520D1D365D3800408B82 /* Release */ = {
			isa = XCBuildConfiguration;
			buildSettings = {
				BUNDLE_LOADER = "$(TEST_HOST)";
				INFOPLIST_FILE = MacroTests/Info.plist;
				LD_RUNPATH_SEARCH_PATHS = "$(inherited) @executable_path/Frameworks @loader_path/Frameworks";
				PRODUCT_BUNDLE_IDENTIFIER = com.drcacom.com.MacroTests;
				PRODUCT_NAME = "$(TARGET_NAME)";
				TEST_HOST = "$(BUILT_PRODUCTS_DIR)/Macro.app/Macro";
			};
			name = Release;
		};
		3EAB520F1D365D3800408B82 /* Debug */ = {
			isa = XCBuildConfiguration;
			buildSettings = {
				INFOPLIST_FILE = MacroUITests/Info.plist;
				LD_RUNPATH_SEARCH_PATHS = "$(inherited) @executable_path/Frameworks @loader_path/Frameworks";
				PRODUCT_BUNDLE_IDENTIFIER = com.drcacom.com.MacroUITests;
				PRODUCT_NAME = "$(TARGET_NAME)";
				TEST_TARGET_NAME = Macro;
			};
			name = Debug;
		};
		3EAB52101D365D3800408B82 /* Release */ = {
			isa = XCBuildConfiguration;
			buildSettings = {
				INFOPLIST_FILE = MacroUITests/Info.plist;
				LD_RUNPATH_SEARCH_PATHS = "$(inherited) @executable_path/Frameworks @loader_path/Frameworks";
				PRODUCT_BUNDLE_IDENTIFIER = com.drcacom.com.MacroUITests;
				PRODUCT_NAME = "$(TARGET_NAME)";
				TEST_TARGET_NAME = Macro;
			};
			name = Release;
		};
/* End XCBuildConfiguration section */

/* Begin XCConfigurationList section */
		3EAB51D61D365D3700408B82 /* Build configuration list for PBXProject "Macro" */ = {
			isa = XCConfigurationList;
			buildConfigurations = (
				3EAB52061D365D3800408B82 /* Debug */,
				3EAB52071D365D3800408B82 /* Release */,
			);
			defaultConfigurationIsVisible = 0;
			defaultConfigurationName = Release;
		};
		3EAB52081D365D3800408B82 /* Build configuration list for PBXNativeTarget "Macro" */ = {
			isa = XCConfigurationList;
			buildConfigurations = (
				3EAB52091D365D3800408B82 /* Debug */,
				3EAB520A1D365D3800408B82 /* Release */,
			);
			defaultConfigurationIsVisible = 0;
			defaultConfigurationName = Release;
		};
		3EAB520B1D365D3800408B82 /* Build configuration list for PBXNativeTarget "MacroTests" */ = {
			isa = XCConfigurationList;
			buildConfigurations = (
				3EAB520C1D365D3800408B82 /* Debug */,
				3EAB520D1D365D3800408B82 /* Release */,
			);
			defaultConfigurationIsVisible = 0;
			defaultConfigurationName = Release;
		};
		3EAB520E1D365D3800408B82 /* Build configuration list for PBXNativeTarget "MacroUITests" */ = {
			isa = XCConfigurationList;
			buildConfigurations = (
				3EAB520F1D365D3800408B82 /* Debug */,
				3EAB52101D365D3800408B82 /* Release */,
			);
			defaultConfigurationIsVisible = 0;
			defaultConfigurationName = Release;
		};
/* End XCConfigurationList section */
	};
	rootObject = 3EAB51D31D365D3700408B82 /* Project object */;
}
